
Microsoft Visual Studio Solution File, Format Version 12.00
# Visual Studio Version 16
VisualStudioVersion = 16.0.29709.97
MinimumVisualStudioVersion = 10.0.40219.1
Project("{FAE04EC0-301F-11D3-BF4B-00C04F79EFBC}") = "KindercarBack", "KindercarBack\KindercarBack.csproj", "{4E476973-B72A-412C-A469-9BC970F3883D}"
EndProject
Global
	GlobalSection(SolutionConfigurationPlatforms) = preSolution
		Debug|Any CPU = Debug|Any CPU
		Release|Any CPU = Release|Any CPU
	EndGlobalSection
	GlobalSection(ProjectConfigurationPlatforms) = postSolution
		{4E476973-B72A-412C-A469-9BC970F3883D}.Debug|Any CPU.ActiveCfg = Debug|Any CPU
		{4E476973-B72A-412C-A469-9BC970F3883D}.Debug|Any CPU.Build.0 = Debug|Any CPU
		{4E476973-B72A-412C-A469-9BC970F3883D}.Release|Any CPU.ActiveCfg = Release|Any CPU
		{4E476973-B72A-412C-A469-9BC970F3883D}.Release|Any CPU.Build.0 = Release|Any CPU
	EndGlobalSection
	GlobalSection(SolutionProperties) = preSolution
		HideSolutionNode = FALSE
	EndGlobalSection
	GlobalSection(ExtensibilityGlobals) = postSolution
		SolutionGuid = {CF39B1FA-51C6-498D-9DD9-F1BC2712A3C8}
	EndGlobalSection
EndGlobal
